
Microsoft Visual Studio Solution File, Format Version 12.00
# Visual Studio Version 16
VisualStudioVersion = 16.0.33529.622
MinimumVisualStudioVersion = 10.0.40219.1
Project("{FAE04EC0-301F-11D3-BF4B-00C04F79EFBC}") = "FindTravelling", "FindTravelling\FindTravelling.csproj", "{C6C1D713-8B63-4B51-A95C-634DA9E8D559}"
EndProject
Global
	GlobalSection(SolutionConfigurationPlatforms) = preSolution
		Debug|Any CPU = Debug|Any CPU
		Release|Any CPU = Release|Any CPU
	EndGlobalSection
	GlobalSection(ProjectConfigurationPlatforms) = postSolution
		{C6C1D713-8B63-4B51-A95C-634DA9E8D559}.Debug|Any CPU.ActiveCfg = Debug|Any CPU
		{C6C1D713-8B63-4B51-A95C-634DA9E8D559}.Debug|Any CPU.Build.0 = Debug|Any CPU
		{C6C1D713-8B63-4B51-A95C-634DA9E8D559}.Release|Any CPU.ActiveCfg = Release|Any CPU
		{C6C1D713-8B63-4B51-A95C-634DA9E8D559}.Release|Any CPU.Build.0 = Release|Any CPU
	EndGlobalSection
	GlobalSection(SolutionProperties) = preSolution
		HideSolutionNode = FALSE
	EndGlobalSection
	GlobalSection(ExtensibilityGlobals) = postSolution
		SolutionGuid = {A37E516A-AA55-4A4F-8CAD-164C8228AAF7}
	EndGlobalSection
EndGlobal
